
Microsoft Visual Studio Solution File, Format Version 12.00
# Visual Studio Version 17
VisualStudioVersion = 17.9.34616.47
MinimumVisualStudioVersion = 10.0.40219.1
Project("{8BC9CEB8-8B4A-11D0-8D11-00A0C91BC942}") = "COSC 2436 - Topic 4 - Linked lists", "COSC 2436 - Topic 4 - Linked lists\COSC 2436 - Topic 4 - Linked lists.vcxproj", "{FC2ED1D4-3D93-4AB7-AFE6-3F341D7A0C96}"
EndProject
Project("{8BC9CEB8-8B4A-11D0-8D11-00A0C91BC942}") = "Mar19-beginningLinkedLists", "Mar19-beginningLinkedLists\Mar19-beginningLinkedLists.vcxproj", "{F411D802-485E-474B-911F-B71417640034}"
EndProject
Project("{8BC9CEB8-8B4A-11D0-8D11-00A0C91BC942}") = "comparisonOfLinkedLists-toArrays", "comparisonOfLinkedLists-toArrays\comparisonOfLinkedLists-toArrays.vcxproj", "{C5B0E720-0BB1-4F38-A7F2-87CD97D3FE8F}"
EndProject
Project("{8BC9CEB8-8B4A-11D0-8D11-00A0C91BC942}") = "Mar20-continuingLinkedLists", "Mar20-continuingLinkedLists\Mar20-continuingLinkedLists.vcxproj", "{C23637BA-E4B8-48FF-B382-B5CDABD88048}"
EndProject
Project("{8BC9CEB8-8B4A-11D0-8D11-00A0C91BC942}") = "Mar24-practiceLecture", "Mar24-practiceLecture\Mar24-practiceLecture.vcxproj", "{A5010E23-35B9-4702-8A91-ACAD410C8069}"
EndProject
Project("{8BC9CEB8-8B4A-11D0-8D11-00A0C91BC942}") = "DemoOfLab4a", "DemoOfLab4a\DemoOfLab4a.vcxproj", "{3F9B9CF2-B37B-4DDE-9CDE-284631744BB7}"
EndProject
Global
	GlobalSection(SolutionConfigurationPlatforms) = preSolution
		Debug|x64 = Debug|x64
		Debug|x86 = Debug|x86
		Release|x64 = Release|x64
		Release|x86 = Release|x86
	EndGlobalSection
	GlobalSection(ProjectConfigurationPlatforms) = postSolution
		{FC2ED1D4-3D93-4AB7-AFE6-3F341D7A0C96}.Debug|x64.ActiveCfg = Debug|x64
		{FC2ED1D4-3D93-4AB7-AFE6-3F341D7A0C96}.Debug|x64.Build.0 = Debug|x64
		{FC2ED1D4-3D93-4AB7-AFE6-3F341D7A0C96}.Debug|x86.ActiveCfg = Debug|Win32
		{FC2ED1D4-3D93-4AB7-AFE6-3F341D7A0C96}.Debug|x86.Build.0 = Debug|Win32
		{FC2ED1D4-3D93-4AB7-AFE6-3F341D7A0C96}.Release|x64.ActiveCfg = Release|x64
		{FC2ED1D4-3D93-4AB7-AFE6-3F341D7A0C96}.Release|x64.Build.0 = Release|x64
		{FC2ED1D4-3D93-4AB7-AFE6-3F341D7A0C96}.Release|x86.ActiveCfg = Release|Win32
		{FC2ED1D4-3D93-4AB7-AFE6-3F341D7A0C96}.Release|x86.Build.0 = Release|Win32
		{F411D802-485E-474B-911F-B71417640034}.Debug|x64.ActiveCfg = Debug|x64
		{F411D802-485E-474B-911F-B71417640034}.Debug|x64.Build.0 = Debug|x64
		{F411D802-485E-474B-911F-B71417640034}.Debug|x86.ActiveCfg = Debug|Win32
		{F411D802-485E-474B-911F-B71417640034}.Debug|x86.Build.0 = Debug|Win32
		{F411D802-485E-474B-911F-B71417640034}.Release|x64.ActiveCfg = Release|x64
		{F411D802-485E-474B-911F-B71417640034}.Release|x64.Build.0 = Release|x64
		{F411D802-485E-474B-911F-B71417640034}.Release|x86.ActiveCfg = Release|Win32
		{F411D802-485E-474B-911F-B71417640034}.Release|x86.Build.0 = Release|Win32
		{C5B0E720-0BB1-4F38-A7F2-87CD97D3FE8F}.Debug|x64.ActiveCfg = Debug|x64
		{C5B0E720-0BB1-4F38-A7F2-87CD97D3FE8F}.Debug|x64.Build.0 = Debug|x64
		{C5B0E720-0BB1-4F38-A7F2-87CD97D3FE8F}.Debug|x86.ActiveCfg = Debug|Win32
		{C5B0E720-0BB1-4F38-A7F2-87CD97D3FE8F}.Debug|x86.Build.0 = Debug|Win32
		{C5B0E720-0BB1-4F38-A7F2-87CD97D3FE8F}.Release|x64.ActiveCfg = Release|x64
		{C5B0E720-0BB1-4F38-A7F2-87CD97D3FE8F}.Release|x64.Build.0 = Release|x64
		{C5B0E720-0BB1-4F38-A7F2-87CD97D3FE8F}.Release|x86.ActiveCfg = Release|Win32
		{C5B0E720-0BB1-4F38-A7F2-87CD97D3FE8F}.Release|x86.Build.0 = Release|Win32
		{C23637BA-E4B8-48FF-B382-B5CDABD88048}.Debug|x64.ActiveCfg = Debug|x64
		{C23637BA-E4B8-48FF-B382-B5CDABD88048}.Debug|x64.Build.0 = Debug|x64
		{C23637BA-E4B8-48FF-B382-B5CDABD88048}.Debug|x86.ActiveCfg = Debug|Win32
		{C23637BA-E4B8-48FF-B382-B5CDABD88048}.Debug|x86.Build.0 = Debug|Win32
		{C23637BA-E4B8-48FF-B382-B5CDABD88048}.Release|x64.ActiveCfg = Release|x64
		{C23637BA-E4B8-48FF-B382-B5CDABD88048}.Release|x64.Build.0 = Release|x64
		{C23637BA-E4B8-48FF-B382-B5CDABD88048}.Release|x86.ActiveCfg = Release|Win32
		{C23637BA-E4B8-48FF-B382-B5CDABD88048}.Release|x86.Build.0 = Release|Win32
		{A5010E23-35B9-4702-8A91-ACAD410C8069}.Debug|x64.ActiveCfg = Debug|x64
		{A5010E23-35B9-4702-8A91-ACAD410C8069}.Debug|x64.Build.0 = Debug|x64
		{A5010E23-35B9-4702-8A91-ACAD410C8069}.Debug|x86.ActiveCfg = Debug|Win32
		{A5010E23-35B9-4702-8A91-ACAD410C8069}.Debug|x86.Build.0 = Debug|Win32
		{A5010E23-35B9-4702-8A91-ACAD410C8069}.Release|x64.ActiveCfg = Release|x64
		{A5010E23-35B9-4702-8A91-ACAD410C8069}.Release|x64.Build.0 = Release|x64
		{A5010E23-35B9-4702-8A91-ACAD410C8069}.Release|x86.ActiveCfg = Release|Win32
		{A5010E23-35B9-4702-8A91-ACAD410C8069}.Release|x86.Build.0 = Release|Win32
		{3F9B9CF2-B37B-4DDE-9CDE-284631744BB7}.Debug|x64.ActiveCfg = Debug|x64
		{3F9B9CF2-B37B-4DDE-9CDE-284631744BB7}.Debug|x64.Build.0 = Debug|x64
		{3F9B9CF2-B37B-4DDE-9CDE-284631744BB7}.Debug|x86.ActiveCfg = Debug|Win32
		{3F9B9CF2-B37B-4DDE-9CDE-284631744BB7}.Debug|x86.Build.0 = Debug|Win32
		{3F9B9CF2-B37B-4DDE-9CDE-284631744BB7}.Release|x64.ActiveCfg = Release|x64
		{3F9B9CF2-B37B-4DDE-9CDE-284631744BB7}.Release|x64.Build.0 = Release|x64
		{3F9B9CF2-B37B-4DDE-9CDE-284631744BB7}.Release|x86.ActiveCfg = Release|Win32
		{3F9B9CF2-B37B-4DDE-9CDE-284631744BB7}.Release|x86.Build.0 = Release|Win32
	EndGlobalSection
	GlobalSection(SolutionProperties) = preSolution
		HideSolutionNode = FALSE
	EndGlobalSection
	GlobalSection(ExtensibilityGlobals) = postSolution
		SolutionGuid = {26AA84BC-A0BE-49AC-8FCD-3A7967692F87}
	EndGlobalSection
EndGlobal
